
Microsoft Visual Studio Solution File, Format Version 12.00
# Visual Studio Version 17
VisualStudioVersion = 17.14.36518.9 d17.14
MinimumVisualStudioVersion = 10.0.40219.1
Project("{2150E333-8FDC-42A3-9474-1A3956D46DE8}") = "Task0", "Task0", "{02EA681E-C7D8-13C7-8484-4AC65E1B71E8}"
EndProject
Project("{FAE04EC0-301F-11D3-BF4B-00C04F79EFBC}") = "Tyuiu.BaturinaSA.Sprint3.Task0.V30", "Tyuiu.BaturinaSA.Sprint3.Task0.V30\Tyuiu.BaturinaSA.Sprint3.Task0.V30.csproj", "{4879A092-6FCF-4FA3-8A4D-3DE11D0BE4FF}"
EndProject
Project("{FAE04EC0-301F-11D3-BF4B-00C04F79EFBC}") = "Tyuiu.BaturinaSA.Sprint3.Task0.V30.Lib", "Tyuiu.BaturinaSA.Sprint3.Task0.V30.Lib\Tyuiu.BaturinaSA.Sprint3.Task0.V30.Lib.csproj", "{877B3FCA-F383-4060-9D1C-191DD70266AB}"
EndProject
Project("{FAE04EC0-301F-11D3-BF4B-00C04F79EFBC}") = "Tyuiu.BaturinaSA.Sprint3.Task0.V30.Test", "Tyuiu.BaturinaSA.Sprint3.Task0.V30.Test\Tyuiu.BaturinaSA.Sprint3.Task0.V30.Test.csproj", "{3B771651-00AF-4B99-A472-E195D7250E3B}"
EndProject
Project("{2150E333-8FDC-42A3-9474-1A3956D46DE8}") = "Task1", "Task1", "{92040C2B-E40B-4A8F-87FB-792C0ADBDD26}"
EndProject
Project("{FAE04EC0-301F-11D3-BF4B-00C04F79EFBC}") = "Tyuiu.BaturinaSA.Sprint3.Task1.V26", "Tyuiu.BaturinaSA.Sprint3.Task1.V26\Tyuiu.BaturinaSA.Sprint3.Task1.V26.csproj", "{0882EA12-1CB1-43CC-809A-539FCF63752D}"
EndProject
Project("{FAE04EC0-301F-11D3-BF4B-00C04F79EFBC}") = "Tyuiu.BaturinaSA.Sprint3.Task1.V26.Lib", "Tyuiu.BaturinaSA.Sprint3.Task1.V26.Lib\Tyuiu.BaturinaSA.Sprint3.Task1.V26.Lib.csproj", "{38C9A880-C776-4EC1-9503-6317A769C183}"
EndProject
Project("{FAE04EC0-301F-11D3-BF4B-00C04F79EFBC}") = "Tyuiu.BaturinaSA.Sprint3.Task1.V26.Test", "Tyuiu.BaturinaSA.Sprint3.Task1.V26.Test\Tyuiu.BaturinaSA.Sprint3.Task1.V26.Test.csproj", "{B6CAEA4F-34FD-42CF-8556-04F15377415E}"
EndProject
Project("{2150E333-8FDC-42A3-9474-1A3956D46DE8}") = "Task2", "Task2", "{86804F0C-B964-4365-A370-04EDB8D6D6D2}"
EndProject
Project("{FAE04EC0-301F-11D3-BF4B-00C04F79EFBC}") = "Tyuiu.BaturinaSA.Sprint3.Task2.V28", "Tyuiu.BaturinaSA.Sprint3.Task2.V28\Tyuiu.BaturinaSA.Sprint3.Task2.V28.csproj", "{BCAB4708-13CF-4034-8CE9-E030028EC8C6}"
EndProject
Project("{FAE04EC0-301F-11D3-BF4B-00C04F79EFBC}") = "Tyuiu.BaturinaSA.Sprint3.Task2.V28.Lib", "Tyuiu.BaturinaSA.Sprint3.Task2.V28.Lib\Tyuiu.BaturinaSA.Sprint3.Task2.V28.Lib.csproj", "{D42F2BC0-455E-4DBE-96D6-D423F1DB4791}"
EndProject
Project("{FAE04EC0-301F-11D3-BF4B-00C04F79EFBC}") = "Tyuiu.BaturinaSA.Sprint3.Task2.V28.Test", "Tyuiu.BaturinaSA.Sprint3.Task2.V28.Test\Tyuiu.BaturinaSA.Sprint3.Task2.V28.Test.csproj", "{13742464-AA4B-4B77-AE33-287547D0A1D5}"
EndProject
Project("{2150E333-8FDC-42A3-9474-1A3956D46DE8}") = "Task3", "Task3", "{8F32D97A-48CE-4036-810D-3806DB07B05E}"
EndProject
Project("{FAE04EC0-301F-11D3-BF4B-00C04F79EFBC}") = "Tyuiu.BaturinaSA.Sprint3.Task3.V30", "Tyuiu.BaturinaSA.Sprint3.Task3.V30\Tyuiu.BaturinaSA.Sprint3.Task3.V30.csproj", "{48F9CC31-3A4E-4180-8576-31CA6BB6F634}"
EndProject
Project("{FAE04EC0-301F-11D3-BF4B-00C04F79EFBC}") = "Tyuiu.BaturinaSA.Sprint3.Task3.V30.Lib", "Tyuiu.BaturinaSA.Sprint3.Task3.V30.Lib\Tyuiu.BaturinaSA.Sprint3.Task3.V30.Lib.csproj", "{A5744FD8-EFD3-43F5-8419-BA0D675950C6}"
EndProject
Project("{FAE04EC0-301F-11D3-BF4B-00C04F79EFBC}") = "Tyuiu.BaturinaSA.Sprint3.Task3.V30.Test", "Tyuiu.BaturinaSA.Sprint3.Task3.V30.Test\Tyuiu.BaturinaSA.Sprint3.Task3.V30.Test.csproj", "{E2628343-EABB-4CB5-ACE7-B9593CB1C06C}"
EndProject
Project("{2150E333-8FDC-42A3-9474-1A3956D46DE8}") = "Task4", "Task4", "{02C8EC10-7998-4222-A001-2E470C131B8C}"
EndProject
Project("{FAE04EC0-301F-11D3-BF4B-00C04F79EFBC}") = "Tyuiu.BaturinaSA.Sprint3.Task4.V4", "Tyuiu.BaturinaSA.Sprint3.Task4.V4\Tyuiu.BaturinaSA.Sprint3.Task4.V4.csproj", "{1C61C8D2-9E43-427D-BD70-94696854BA01}"
EndProject
Project("{FAE04EC0-301F-11D3-BF4B-00C04F79EFBC}") = "Tyuiu.BaturinaSA.Sprint3.Task4.V4.Lib", "Tyuiu.BaturinaSA.Sprint3.Task4.V4.Lib\Tyuiu.BaturinaSA.Sprint3.Task4.V4.Lib.csproj", "{CEEE718D-661B-42CD-9043-ABEB832AB230}"
EndProject
Project("{FAE04EC0-301F-11D3-BF4B-00C04F79EFBC}") = "Tyuiu.BaturinaSA.Sprint3.Task4.V4.Test", "Tyuiu.BaturinaSA.Sprint3.Task4.V4.Test\Tyuiu.BaturinaSA.Sprint3.Task4.V4.Test.csproj", "{31D45694-72FD-4B72-89F1-D9B9AB514B33}"
EndProject
Project("{2150E333-8FDC-42A3-9474-1A3956D46DE8}") = "Task5", "Task5", "{0754CC28-BA97-42EE-901E-F582B1FAE033}"
EndProject
Project("{FAE04EC0-301F-11D3-BF4B-00C04F79EFBC}") = "Tyuiu.BaturinaSA.Sprint3.Task5.V28", "Tyuiu.BaturinaSA.Sprint3.Task5.V28\Tyuiu.BaturinaSA.Sprint3.Task5.V28.csproj", "{38777B7C-E0E6-435B-B2D2-8F4030F0F188}"
EndProject
Project("{FAE04EC0-301F-11D3-BF4B-00C04F79EFBC}") = "Tyuiu.BaturinaSA.Sprint3.Task5.V28.Lib", "Tyuiu.BaturinaSA.Sprint3.Task5.V28.Lib\Tyuiu.BaturinaSA.Sprint3.Task5.V28.Lib.csproj", "{94CBF37E-DEBB-4547-A858-20D0F7970066}"
EndProject
Project("{FAE04EC0-301F-11D3-BF4B-00C04F79EFBC}") = "Tyuiu.BaturinaSA.Sprint3.Task5.V28.Test", "Tyuiu.BaturinaSA.Sprint3.Task5.V28.Test\Tyuiu.BaturinaSA.Sprint3.Task5.V28.Test.csproj", "{3FD2DF17-C48F-455F-8F7A-4F29B3E89724}"
EndProject
Project("{2150E333-8FDC-42A3-9474-1A3956D46DE8}") = "Task6", "Task6", "{F318FCAD-C887-4B3C-A605-05877BEE57F4}"
EndProject
Project("{FAE04EC0-301F-11D3-BF4B-00C04F79EFBC}") = "Tyuiu.BaturinaSA.Sprint3.Task6.V25", "Tyuiu.BaturinaSA.Sprint3.Task6.V25\Tyuiu.BaturinaSA.Sprint3.Task6.V25.csproj", "{A675F6C2-C2B5-428F-BCEA-4CE65900AE32}"
EndProject
Project("{FAE04EC0-301F-11D3-BF4B-00C04F79EFBC}") = "Tyuiu.BaturinaSA.Sprint3.Task6.V25.Lib", "Tyuiu.BaturinaSA.Sprint3.Task6.V25.Lib\Tyuiu.BaturinaSA.Sprint3.Task6.V25.Lib.csproj", "{D2D0C044-7727-444D-862F-BDE2A6E2DB98}"
EndProject
Project("{FAE04EC0-301F-11D3-BF4B-00C04F79EFBC}") = "Tyuiu.BaturinaSA.Sprint3.Task6.V25.Test", "Tyuiu.BaturinaSA.Sprint3.Task6.V25.Test\Tyuiu.BaturinaSA.Sprint3.Task6.V25.Test.csproj", "{A30B77AF-2501-4C40-AF8F-C1B007E3302E}"
EndProject
Project("{2150E333-8FDC-42A3-9474-1A3956D46DE8}") = "Task7", "Task7", "{2D845418-0BDD-47A5-9CA1-BE24B043E08F}"
EndProject
Project("{FAE04EC0-301F-11D3-BF4B-00C04F79EFBC}") = "Tyuiu.BaturinaSA.Sprint3.Task7.V11", "Tyuiu.BaturinaSA.Sprint3.Task7.V11\Tyuiu.BaturinaSA.Sprint3.Task7.V11.csproj", "{A8074194-7B1C-4FE5-A326-6C3FA23F9293}"
EndProject
Project("{FAE04EC0-301F-11D3-BF4B-00C04F79EFBC}") = "Tyuiu.BaturinaSA.Sprint3.Task7.V11.Lib", "Tyuiu.BaturinaSA.Sprint3.Task7.V11.Lib\Tyuiu.BaturinaSA.Sprint3.Task7.V11.Lib.csproj", "{87FB5511-AB20-49BF-9C84-939C484DF13C}"
EndProject
Project("{FAE04EC0-301F-11D3-BF4B-00C04F79EFBC}") = "Tyuiu.BaturinaSA.Sprint3.Task7.V11.Test", "Tyuiu.BaturinaSA.Sprint3.Task7.V11.Test\Tyuiu.BaturinaSA.Sprint3.Task7.V11.Test.csproj", "{2703A4ED-DC7A-41BC-9B93-AC9886A25AC3}"
EndProject
Global
	GlobalSection(SolutionConfigurationPlatforms) = preSolution
		Debug|Any CPU = Debug|Any CPU
		Release|Any CPU = Release|Any CPU
	EndGlobalSection
	GlobalSection(ProjectConfigurationPlatforms) = postSolution
		{4879A092-6FCF-4FA3-8A4D-3DE11D0BE4FF}.Debug|Any CPU.ActiveCfg = Debug|Any CPU
		{4879A092-6FCF-4FA3-8A4D-3DE11D0BE4FF}.Debug|Any CPU.Build.0 = Debug|Any CPU
		{4879A092-6FCF-4FA3-8A4D-3DE11D0BE4FF}.Release|Any CPU.ActiveCfg = Release|Any CPU
		{4879A092-6FCF-4FA3-8A4D-3DE11D0BE4FF}.Release|Any CPU.Build.0 = Release|Any CPU
		{877B3FCA-F383-4060-9D1C-191DD70266AB}.Debug|Any CPU.ActiveCfg = Debug|Any CPU
		{877B3FCA-F383-4060-9D1C-191DD70266AB}.Debug|Any CPU.Build.0 = Debug|Any CPU
		{877B3FCA-F383-4060-9D1C-191DD70266AB}.Release|Any CPU.ActiveCfg = Release|Any CPU
		{877B3FCA-F383-4060-9D1C-191DD70266AB}.Release|Any CPU.Build.0 = Release|Any CPU
		{3B771651-00AF-4B99-A472-E195D7250E3B}.Debug|Any CPU.ActiveCfg = Debug|Any CPU
		{3B771651-00AF-4B99-A472-E195D7250E3B}.Debug|Any CPU.Build.0 = Debug|Any CPU
		{3B771651-00AF-4B99-A472-E195D7250E3B}.Release|Any CPU.ActiveCfg = Release|Any CPU
		{3B771651-00AF-4B99-A472-E195D7250E3B}.Release|Any CPU.Build.0 = Release|Any CPU
		{0882EA12-1CB1-43CC-809A-539FCF63752D}.Debug|Any CPU.ActiveCfg = Debug|Any CPU
		{0882EA12-1CB1-43CC-809A-539FCF63752D}.Debug|Any CPU.Build.0 = Debug|Any CPU
		{0882EA12-1CB1-43CC-809A-539FCF63752D}.Release|Any CPU.ActiveCfg = Release|Any CPU
		{0882EA12-1CB1-43CC-809A-539FCF63752D}.Release|Any CPU.Build.0 = Release|Any CPU
		{38C9A880-C776-4EC1-9503-6317A769C183}.Debug|Any CPU.ActiveCfg = Debug|Any CPU
		{38C9A880-C776-4EC1-9503-6317A769C183}.Debug|Any CPU.Build.0 = Debug|Any CPU
		{38C9A880-C776-4EC1-9503-6317A769C183}.Release|Any CPU.ActiveCfg = Release|Any CPU
		{38C9A880-C776-4EC1-9503-6317A769C183}.Release|Any CPU.Build.0 = Release|Any CPU
		{B6CAEA4F-34FD-42CF-8556-04F15377415E}.Debug|Any CPU.ActiveCfg = Debug|Any CPU
		{B6CAEA4F-34FD-42CF-8556-04F15377415E}.Debug|Any CPU.Build.0 = Debug|Any CPU
		{B6CAEA4F-34FD-42CF-8556-04F15377415E}.Release|Any CPU.ActiveCfg = Release|Any CPU
		{B6CAEA4F-34FD-42CF-8556-04F15377415E}.Release|Any CPU.Build.0 = Release|Any CPU
		{BCAB4708-13CF-4034-8CE9-E030028EC8C6}.Debug|Any CPU.ActiveCfg = Debug|Any CPU
		{BCAB4708-13CF-4034-8CE9-E030028EC8C6}.Debug|Any CPU.Build.0 = Debug|Any CPU
		{BCAB4708-13CF-4034-8CE9-E030028EC8C6}.Release|Any CPU.ActiveCfg = Release|Any CPU
		{BCAB4708-13CF-4034-8CE9-E030028EC8C6}.Release|Any CPU.Build.0 = Release|Any CPU
		{D42F2BC0-455E-4DBE-96D6-D423F1DB4791}.Debug|Any CPU.ActiveCfg = Debug|Any CPU
		{D42F2BC0-455E-4DBE-96D6-D423F1DB4791}.Debug|Any CPU.Build.0 = Debug|Any CPU
		{D42F2BC0-455E-4DBE-96D6-D423F1DB4791}.Release|Any CPU.ActiveCfg = Release|Any CPU
		{D42F2BC0-455E-4DBE-96D6-D423F1DB4791}.Release|Any CPU.Build.0 = Release|Any CPU
		{13742464-AA4B-4B77-AE33-287547D0A1D5}.Debug|Any CPU.ActiveCfg = Debug|Any CPU
		{13742464-AA4B-4B77-AE33-287547D0A1D5}.Debug|Any CPU.Build.0 = Debug|Any CPU
		{13742464-AA4B-4B77-AE33-287547D0A1D5}.Release|Any CPU.ActiveCfg = Release|Any CPU
		{13742464-AA4B-4B77-AE33-287547D0A1D5}.Release|Any CPU.Build.0 = Release|Any CPU
		{48F9CC31-3A4E-4180-8576-31CA6BB6F634}.Debug|Any CPU.ActiveCfg = Debug|Any CPU
		{48F9CC31-3A4E-4180-8576-31CA6BB6F634}.Debug|Any CPU.Build.0 = Debug|Any CPU
		{48F9CC31-3A4E-4180-8576-31CA6BB6F634}.Release|Any CPU.ActiveCfg = Release|Any CPU
		{48F9CC31-3A4E-4180-8576-31CA6BB6F634}.Release|Any CPU.Build.0 = Release|Any CPU
		{A5744FD8-EFD3-43F5-8419-BA0D675950C6}.Debug|Any CPU.ActiveCfg = Debug|Any CPU
		{A5744FD8-EFD3-43F5-8419-BA0D675950C6}.Debug|Any CPU.Build.0 = Debug|Any CPU
		{A5744FD8-EFD3-43F5-8419-BA0D675950C6}.Release|Any CPU.ActiveCfg = Release|Any CPU
		{A5744FD8-EFD3-43F5-8419-BA0D675950C6}.Release|Any CPU.Build.0 = Release|Any CPU
		{E2628343-EABB-4CB5-ACE7-B9593CB1C06C}.Debug|Any CPU.ActiveCfg = Debug|Any CPU
		{E2628343-EABB-4CB5-ACE7-B9593CB1C06C}.Debug|Any CPU.Build.0 = Debug|Any CPU
		{E2628343-EABB-4CB5-ACE7-B9593CB1C06C}.Release|Any CPU.ActiveCfg = Release|Any CPU
		{E2628343-EABB-4CB5-ACE7-B9593CB1C06C}.Release|Any CPU.Build.0 = Release|Any CPU
		{1C61C8D2-9E43-427D-BD70-94696854BA01}.Debug|Any CPU.ActiveCfg = Debug|Any CPU
		{1C61C8D2-9E43-427D-BD70-94696854BA01}.Debug|Any CPU.Build.0 = Debug|Any CPU
		{1C61C8D2-9E43-427D-BD70-94696854BA01}.Release|Any CPU.ActiveCfg = Release|Any CPU
		{1C61C8D2-9E43-427D-BD70-94696854BA01}.Release|Any CPU.Build.0 = Release|Any CPU
		{CEEE718D-661B-42CD-9043-ABEB832AB230}.Debug|Any CPU.ActiveCfg = Debug|Any CPU
		{CEEE718D-661B-42CD-9043-ABEB832AB230}.Debug|Any CPU.Build.0 = Debug|Any CPU
		{CEEE718D-661B-42CD-9043-ABEB832AB230}.Release|Any CPU.ActiveCfg = Release|Any CPU
		{CEEE718D-661B-42CD-9043-ABEB832AB230}.Release|Any CPU.Build.0 = Release|Any CPU
		{31D45694-72FD-4B72-89F1-D9B9AB514B33}.Debug|Any CPU.ActiveCfg = Debug|Any CPU
		{31D45694-72FD-4B72-89F1-D9B9AB514B33}.Debug|Any CPU.Build.0 = Debug|Any CPU
		{31D45694-72FD-4B72-89F1-D9B9AB514B33}.Release|Any CPU.ActiveCfg = Release|Any CPU
		{31D45694-72FD-4B72-89F1-D9B9AB514B33}.Release|Any CPU.Build.0 = Release|Any CPU
		{38777B7C-E0E6-435B-B2D2-8F4030F0F188}.Debug|Any CPU.ActiveCfg = Debug|Any CPU
		{38777B7C-E0E6-435B-B2D2-8F4030F0F188}.Debug|Any CPU.Build.0 = Debug|Any CPU
		{38777B7C-E0E6-435B-B2D2-8F4030F0F188}.Release|Any CPU.ActiveCfg = Release|Any CPU
		{38777B7C-E0E6-435B-B2D2-8F4030F0F188}.Release|Any CPU.Build.0 = Release|Any CPU
		{94CBF37E-DEBB-4547-A858-20D0F7970066}.Debug|Any CPU.ActiveCfg = Debug|Any CPU
		{94CBF37E-DEBB-4547-A858-20D0F7970066}.Debug|Any CPU.Build.0 = Debug|Any CPU
		{94CBF37E-DEBB-4547-A858-20D0F7970066}.Release|Any CPU.ActiveCfg = Release|Any CPU
		{94CBF37E-DEBB-4547-A858-20D0F7970066}.Release|Any CPU.Build.0 = Release|Any CPU
		{3FD2DF17-C48F-455F-8F7A-4F29B3E89724}.Debug|Any CPU.ActiveCfg = Debug|Any CPU
		{3FD2DF17-C48F-455F-8F7A-4F29B3E89724}.Debug|Any CPU.Build.0 = Debug|Any CPU
		{3FD2DF17-C48F-455F-8F7A-4F29B3E89724}.Release|Any CPU.ActiveCfg = Release|Any CPU
		{3FD2DF17-C48F-455F-8F7A-4F29B3E89724}.Release|Any CPU.Build.0 = Release|Any CPU
		{A675F6C2-C2B5-428F-BCEA-4CE65900AE32}.Debug|Any CPU.ActiveCfg = Debug|Any CPU
		{A675F6C2-C2B5-428F-BCEA-4CE65900AE32}.Debug|Any CPU.Build.0 = Debug|Any CPU
		{A675F6C2-C2B5-428F-BCEA-4CE65900AE32}.Release|Any CPU.ActiveCfg = Release|Any CPU
		{A675F6C2-C2B5-428F-BCEA-4CE65900AE32}.Release|Any CPU.Build.0 = Release|Any CPU
		{D2D0C044-7727-444D-862F-BDE2A6E2DB98}.Debug|Any CPU.ActiveCfg = Debug|Any CPU
		{D2D0C044-7727-444D-862F-BDE2A6E2DB98}.Debug|Any CPU.Build.0 = Debug|Any CPU
		{D2D0C044-7727-444D-862F-BDE2A6E2DB98}.Release|Any CPU.ActiveCfg = Release|Any CPU
		{D2D0C044-7727-444D-862F-BDE2A6E2DB98}.Release|Any CPU.Build.0 = Release|Any CPU
		{A30B77AF-2501-4C40-AF8F-C1B007E3302E}.Debug|Any CPU.ActiveCfg = Debug|Any CPU
		{A30B77AF-2501-4C40-AF8F-C1B007E3302E}.Debug|Any CPU.Build.0 = Debug|Any CPU
		{A30B77AF-2501-4C40-AF8F-C1B007E3302E}.Release|Any CPU.ActiveCfg = Release|Any CPU
		{A30B77AF-2501-4C40-AF8F-C1B007E3302E}.Release|Any CPU.Build.0 = Release|Any CPU
		{A8074194-7B1C-4FE5-A326-6C3FA23F9293}.Debug|Any CPU.ActiveCfg = Debug|Any CPU
		{A8074194-7B1C-4FE5-A326-6C3FA23F9293}.Debug|Any CPU.Build.0 = Debug|Any CPU
		{A8074194-7B1C-4FE5-A326-6C3FA23F9293}.Release|Any CPU.ActiveCfg = Release|Any CPU
		{A8074194-7B1C-4FE5-A326-6C3FA23F9293}.Release|Any CPU.Build.0 = Release|Any CPU
		{87FB5511-AB20-49BF-9C84-939C484DF13C}.Debug|Any CPU.ActiveCfg = Debug|Any CPU
		{87FB5511-AB20-49BF-9C84-939C484DF13C}.Debug|Any CPU.Build.0 = Debug|Any CPU
		{87FB5511-AB20-49BF-9C84-939C484DF13C}.Release|Any CPU.ActiveCfg = Release|Any CPU
		{87FB5511-AB20-49BF-9C84-939C484DF13C}.Release|Any CPU.Build.0 = Release|Any CPU
		{2703A4ED-DC7A-41BC-9B93-AC9886A25AC3}.Debug|Any CPU.ActiveCfg = Debug|Any CPU
		{2703A4ED-DC7A-41BC-9B93-AC9886A25AC3}.Debug|Any CPU.Build.0 = Debug|Any CPU
		{2703A4ED-DC7A-41BC-9B93-AC9886A25AC3}.Release|Any CPU.ActiveCfg = Release|Any CPU
		{2703A4ED-DC7A-41BC-9B93-AC9886A25AC3}.Release|Any CPU.Build.0 = Release|Any CPU
	EndGlobalSection
	GlobalSection(SolutionProperties) = preSolution
		HideSolutionNode = FALSE
	EndGlobalSection
	GlobalSection(NestedProjects) = preSolution
		{4879A092-6FCF-4FA3-8A4D-3DE11D0BE4FF} = {02EA681E-C7D8-13C7-8484-4AC65E1B71E8}
		{877B3FCA-F383-4060-9D1C-191DD70266AB} = {02EA681E-C7D8-13C7-8484-4AC65E1B71E8}
		{3B771651-00AF-4B99-A472-E195D7250E3B} = {02EA681E-C7D8-13C7-8484-4AC65E1B71E8}
		{0882EA12-1CB1-43CC-809A-539FCF63752D} = {92040C2B-E40B-4A8F-87FB-792C0ADBDD26}
		{38C9A880-C776-4EC1-9503-6317A769C183} = {92040C2B-E40B-4A8F-87FB-792C0ADBDD26}
		{B6CAEA4F-34FD-42CF-8556-04F15377415E} = {92040C2B-E40B-4A8F-87FB-792C0ADBDD26}
		{BCAB4708-13CF-4034-8CE9-E030028EC8C6} = {86804F0C-B964-4365-A370-04EDB8D6D6D2}
		{D42F2BC0-455E-4DBE-96D6-D423F1DB4791} = {86804F0C-B964-4365-A370-04EDB8D6D6D2}
		{13742464-AA4B-4B77-AE33-287547D0A1D5} = {86804F0C-B964-4365-A370-04EDB8D6D6D2}
		{48F9CC31-3A4E-4180-8576-31CA6BB6F634} = {8F32D97A-48CE-4036-810D-3806DB07B05E}
		{A5744FD8-EFD3-43F5-8419-BA0D675950C6} = {8F32D97A-48CE-4036-810D-3806DB07B05E}
		{E2628343-EABB-4CB5-ACE7-B9593CB1C06C} = {8F32D97A-48CE-4036-810D-3806DB07B05E}
		{1C61C8D2-9E43-427D-BD70-94696854BA01} = {02C8EC10-7998-4222-A001-2E470C131B8C}
		{CEEE718D-661B-42CD-9043-ABEB832AB230} = {02C8EC10-7998-4222-A001-2E470C131B8C}
		{31D45694-72FD-4B72-89F1-D9B9AB514B33} = {02C8EC10-7998-4222-A001-2E470C131B8C}
		{38777B7C-E0E6-435B-B2D2-8F4030F0F188} = {0754CC28-BA97-42EE-901E-F582B1FAE033}
		{94CBF37E-DEBB-4547-A858-20D0F7970066} = {0754CC28-BA97-42EE-901E-F582B1FAE033}
		{3FD2DF17-C48F-455F-8F7A-4F29B3E89724} = {0754CC28-BA97-42EE-901E-F582B1FAE033}
		{A675F6C2-C2B5-428F-BCEA-4CE65900AE32} = {F318FCAD-C887-4B3C-A605-05877BEE57F4}
		{D2D0C044-7727-444D-862F-BDE2A6E2DB98} = {F318FCAD-C887-4B3C-A605-05877BEE57F4}
		{A30B77AF-2501-4C40-AF8F-C1B007E3302E} = {F318FCAD-C887-4B3C-A605-05877BEE57F4}
		{A8074194-7B1C-4FE5-A326-6C3FA23F9293} = {2D845418-0BDD-47A5-9CA1-BE24B043E08F}
		{87FB5511-AB20-49BF-9C84-939C484DF13C} = {2D845418-0BDD-47A5-9CA1-BE24B043E08F}
		{2703A4ED-DC7A-41BC-9B93-AC9886A25AC3} = {2D845418-0BDD-47A5-9CA1-BE24B043E08F}
	EndGlobalSection
	GlobalSection(ExtensibilityGlobals) = postSolution
		SolutionGuid = {D93FF430-0EB7-4D3E-A770-D894250C9B41}
	EndGlobalSection
EndGlobal
