
Microsoft Visual Studio Solution File, Format Version 12.00
# Visual Studio Version 17
VisualStudioVersion = 17.14.36518.9 d17.14
MinimumVisualStudioVersion = 10.0.40219.1
Project("{2150E333-8FDC-42A3-9474-1A3956D46DE8}") = "Task0", "Task0", "{02EA681E-C7D8-13C7-8484-4AC65E1B71E8}"
EndProject
Project("{FAE04EC0-301F-11D3-BF4B-00C04F79EFBC}") = "Tyuiu.BaturinaSA.Sprint3.Task0.V30", "Tyuiu.BaturinaSA.Sprint3.Task0.V30\Tyuiu.BaturinaSA.Sprint3.Task0.V30.csproj", "{4879A092-6FCF-4FA3-8A4D-3DE11D0BE4FF}"
EndProject
Project("{FAE04EC0-301F-11D3-BF4B-00C04F79EFBC}") = "Tyuiu.BaturinaSA.Sprint3.Task0.V30.Lib", "Tyuiu.BaturinaSA.Sprint3.Task0.V30.Lib\Tyuiu.BaturinaSA.Sprint3.Task0.V30.Lib.csproj", "{877B3FCA-F383-4060-9D1C-191DD70266AB}"
EndProject
Project("{FAE04EC0-301F-11D3-BF4B-00C04F79EFBC}") = "Tyuiu.BaturinaSA.Sprint3.Task0.V30.Test", "Tyuiu.BaturinaSA.Sprint3.Task0.V30.Test\Tyuiu.BaturinaSA.Sprint3.Task0.V30.Test.csproj", "{3B771651-00AF-4B99-A472-E195D7250E3B}"
EndProject
Project("{2150E333-8FDC-42A3-9474-1A3956D46DE8}") = "Task1", "Task1", "{92040C2B-E40B-4A8F-87FB-792C0ADBDD26}"
EndProject
Project("{FAE04EC0-301F-11D3-BF4B-00C04F79EFBC}") = "Tyuiu.BaturinaSA.Sprint3.Task1.V26", "Tyuiu.BaturinaSA.Sprint3.Task1.V26\Tyuiu.BaturinaSA.Sprint3.Task1.V26.csproj", "{0882EA12-1CB1-43CC-809A-539FCF63752D}"
EndProject
Project("{FAE04EC0-301F-11D3-BF4B-00C04F79EFBC}") = "Tyuiu.BaturinaSA.Sprint3.Task1.V26.Lib", "Tyuiu.BaturinaSA.Sprint3.Task1.V26.Lib\Tyuiu.BaturinaSA.Sprint3.Task1.V26.Lib.csproj", "{38C9A880-C776-4EC1-9503-6317A769C183}"
EndProject
Project("{FAE04EC0-301F-11D3-BF4B-00C04F79EFBC}") = "Tyuiu.BaturinaSA.Sprint3.Task1.V26.Test", "Tyuiu.BaturinaSA.Sprint3.Task1.V26.Test\Tyuiu.BaturinaSA.Sprint3.Task1.V26.Test.csproj", "{B6CAEA4F-34FD-42CF-8556-04F15377415E}"
EndProject
Global
	GlobalSection(SolutionConfigurationPlatforms) = preSolution
		Debug|Any CPU = Debug|Any CPU
		Release|Any CPU = Release|Any CPU
	EndGlobalSection
	GlobalSection(ProjectConfigurationPlatforms) = postSolution
		{4879A092-6FCF-4FA3-8A4D-3DE11D0BE4FF}.Debug|Any CPU.ActiveCfg = Debug|Any CPU
		{4879A092-6FCF-4FA3-8A4D-3DE11D0BE4FF}.Debug|Any CPU.Build.0 = Debug|Any CPU
		{4879A092-6FCF-4FA3-8A4D-3DE11D0BE4FF}.Release|Any CPU.ActiveCfg = Release|Any CPU
		{4879A092-6FCF-4FA3-8A4D-3DE11D0BE4FF}.Release|Any CPU.Build.0 = Release|Any CPU
		{877B3FCA-F383-4060-9D1C-191DD70266AB}.Debug|Any CPU.ActiveCfg = Debug|Any CPU
		{877B3FCA-F383-4060-9D1C-191DD70266AB}.Debug|Any CPU.Build.0 = Debug|Any CPU
		{877B3FCA-F383-4060-9D1C-191DD70266AB}.Release|Any CPU.ActiveCfg = Release|Any CPU
		{877B3FCA-F383-4060-9D1C-191DD70266AB}.Release|Any CPU.Build.0 = Release|Any CPU
		{3B771651-00AF-4B99-A472-E195D7250E3B}.Debug|Any CPU.ActiveCfg = Debug|Any CPU
		{3B771651-00AF-4B99-A472-E195D7250E3B}.Debug|Any CPU.Build.0 = Debug|Any CPU
		{3B771651-00AF-4B99-A472-E195D7250E3B}.Release|Any CPU.ActiveCfg = Release|Any CPU
		{3B771651-00AF-4B99-A472-E195D7250E3B}.Release|Any CPU.Build.0 = Release|Any CPU
		{0882EA12-1CB1-43CC-809A-539FCF63752D}.Debug|Any CPU.ActiveCfg = Debug|Any CPU
		{0882EA12-1CB1-43CC-809A-539FCF63752D}.Debug|Any CPU.Build.0 = Debug|Any CPU
		{0882EA12-1CB1-43CC-809A-539FCF63752D}.Release|Any CPU.ActiveCfg = Release|Any CPU
		{0882EA12-1CB1-43CC-809A-539FCF63752D}.Release|Any CPU.Build.0 = Release|Any CPU
		{38C9A880-C776-4EC1-9503-6317A769C183}.Debug|Any CPU.ActiveCfg = Debug|Any CPU
		{38C9A880-C776-4EC1-9503-6317A769C183}.Debug|Any CPU.Build.0 = Debug|Any CPU
		{38C9A880-C776-4EC1-9503-6317A769C183}.Release|Any CPU.ActiveCfg = Release|Any CPU
		{38C9A880-C776-4EC1-9503-6317A769C183}.Release|Any CPU.Build.0 = Release|Any CPU
		{B6CAEA4F-34FD-42CF-8556-04F15377415E}.Debug|Any CPU.ActiveCfg = Debug|Any CPU
		{B6CAEA4F-34FD-42CF-8556-04F15377415E}.Debug|Any CPU.Build.0 = Debug|Any CPU
		{B6CAEA4F-34FD-42CF-8556-04F15377415E}.Release|Any CPU.ActiveCfg = Release|Any CPU
		{B6CAEA4F-34FD-42CF-8556-04F15377415E}.Release|Any CPU.Build.0 = Release|Any CPU
	EndGlobalSection
	GlobalSection(SolutionProperties) = preSolution
		HideSolutionNode = FALSE
	EndGlobalSection
	GlobalSection(NestedProjects) = preSolution
		{4879A092-6FCF-4FA3-8A4D-3DE11D0BE4FF} = {02EA681E-C7D8-13C7-8484-4AC65E1B71E8}
		{877B3FCA-F383-4060-9D1C-191DD70266AB} = {02EA681E-C7D8-13C7-8484-4AC65E1B71E8}
		{3B771651-00AF-4B99-A472-E195D7250E3B} = {02EA681E-C7D8-13C7-8484-4AC65E1B71E8}
		{0882EA12-1CB1-43CC-809A-539FCF63752D} = {92040C2B-E40B-4A8F-87FB-792C0ADBDD26}
		{38C9A880-C776-4EC1-9503-6317A769C183} = {92040C2B-E40B-4A8F-87FB-792C0ADBDD26}
		{B6CAEA4F-34FD-42CF-8556-04F15377415E} = {92040C2B-E40B-4A8F-87FB-792C0ADBDD26}
	EndGlobalSection
	GlobalSection(ExtensibilityGlobals) = postSolution
		SolutionGuid = {D93FF430-0EB7-4D3E-A770-D894250C9B41}
	EndGlobalSection
EndGlobal
